<?xml version="1.0" encoding="UTF-8"?>
<Scheme
   LastUpgradeVersion = "0500"
   version = "1.8">
   <BuildAction
      parallelizeBuildables = "YES"
      buildImplicitDependencies = "YES">
      <BuildActionEntries>
         <BuildActionEntry
            buildForTesting = "YES"
            buildForRunning = "YES"
            buildForProfiling = "YES"
            buildForArchiving = "YES"
            buildForAnalyzing = "YES">
            <BuildableReference
               BuildableIdentifier = "primary"
               BlueprintIdentifier = "DEAAD660133E4F12009B81EB"
               BuildableName = "GameMac.app"
               BlueprintName = "GameMac"
               ReferencedContainer = "container:GameApple.xcodeproj">
            </BuildableReference>
         </BuildActionEntry>
      </BuildActionEntries>
   </BuildAction>
   <TestAction
      selectedDebuggerIdentifier = "Xcode.DebuggerFoundation.Debugger.LLDB"
      selectedLauncherIdentifier = "Xcode.DebuggerFoundation.Launcher.GDB"
      shouldUseLaunchSchemeArgsEnv = "YES"
      buildConfiguration = "Debug">
      <Testables>
      </Testables>
      <MacroExpansion>
         <BuildableReference
            BuildableIdentifier = "primary"
            BlueprintIdentifier = "DEAAD660133E4F12009B81EB"
            BuildableName = "GameMac.app"
            BlueprintName = "GameMac"
            ReferencedContainer = "container:GameApple.xcodeproj">
         </BuildableReference>
      </MacroExpansion>
   </TestAction>
   <LaunchAction
      selectedDebuggerIdentifier = "Xcode.DebuggerFoundation.Debugger.LLDB"
      selectedLauncherIdentifier = "Xcode.DebuggerFoundation.Launcher.LLDB"
      displayScaleIsEnabled = "NO"
      displayScale = "1.00"
      launchStyle = "0"
      useCustomWorkingDirectory = "NO"
      buildConfiguration = "Debug"
      ignoresPersistentStateOnLaunch = "NO"
      debugDocumentVersioning = "NO"
      allowLocationSimulation = "YES">
      <BuildableProductRunnable>
         <BuildableReference
            BuildableIdentifier = "primary"
            BlueprintIdentifier = "DEAAD660133E4F12009B81EB"
            BuildableName = "GameMac.app"
            BlueprintName = "GameMac"
            ReferencedContainer = "container:GameApple.xcodeproj">
         </BuildableReference>
      </BuildableProductRunnable>
      <CommandLineArguments>
         <CommandLineArgument
            argument = "-testall"
            isEnabled = "NO">
         </CommandLineArgument>
         <CommandLineArgument
            argument = "-command &apos;MakePackage data.pack ../data&apos;"
            isEnabled = "NO">
         </CommandLineArgument>
         <CommandLineArgument
            argument = "-monkey"
            isEnabled = "NO">
         </CommandLineArgument>
         <CommandLineArgument
            argument = "-loadlevel {level1.lvl}"
            isEnabled = "NO">
         </CommandLineArgument>
      </CommandLineArguments>
      <AdditionalOptions>
         <AdditionalOption
            key = "MallocScribble"
            value = ""
            isEnabled = "YES">
         </AdditionalOption>
         <AdditionalOption
            key = "DYLD_INSERT_LIBRARIES"
            value = "/usr/lib/libgmalloc.dylib"
            isEnabled = "YES">
         </AdditionalOption>
         <AdditionalOption
            key = "MallocGuardEdges"
            value = ""
            isEnabled = "YES">
         </AdditionalOption>
      </AdditionalOptions>
   </LaunchAction>
   <ProfileAction
      displayScaleIsEnabled = "NO"
      displayScale = "1.00"
      shouldUseLaunchSchemeArgsEnv = "YES"
      savedToolIdentifier = ""
      useCustomWorkingDirectory = "NO"
      buildConfiguration = "Release"
      debugDocumentVersioning = "YES">
      <BuildableProductRunnable>
         <BuildableReference
            BuildableIdentifier = "primary"
            BlueprintIdentifier = "DEAAD660133E4F12009B81EB"
            BuildableName = "GameMac.app"
            BlueprintName = "GameMac"
            ReferencedContainer = "container:GameApple.xcodeproj">
         </BuildableReference>
      </BuildableProductRunnable>
   </ProfileAction>
   <AnalyzeAction
      buildConfiguration = "Debug">
   </AnalyzeAction>
   <ArchiveAction
      buildConfiguration = "Release"
      revealArchiveInOrganizer = "YES">
   </ArchiveAction>
</Scheme>
